
Microsoft Visual Studio Solution File, Format Version 12.00
# Visual Studio Version 16
VisualStudioVersion = 16.0.31729.503
MinimumVisualStudioVersion = 10.0.40219.1
Project("{FAE04EC0-301F-11D3-BF4B-00C04F79EFBC}") = "Escriturasarchivos2", "Escriturasarchivos2\Escriturasarchivos2.csproj", "{4DA1DB31-A926-403E-8FA9-30B807412446}"
EndProject
Global
	GlobalSection(SolutionConfigurationPlatforms) = preSolution
		Debug|Any CPU = Debug|Any CPU
		Release|Any CPU = Release|Any CPU
	EndGlobalSection
	GlobalSection(ProjectConfigurationPlatforms) = postSolution
		{4DA1DB31-A926-403E-8FA9-30B807412446}.Debug|Any CPU.ActiveCfg = Debug|Any CPU
		{4DA1DB31-A926-403E-8FA9-30B807412446}.Debug|Any CPU.Build.0 = Debug|Any CPU
		{4DA1DB31-A926-403E-8FA9-30B807412446}.Release|Any CPU.ActiveCfg = Release|Any CPU
		{4DA1DB31-A926-403E-8FA9-30B807412446}.Release|Any CPU.Build.0 = Release|Any CPU
	EndGlobalSection
	GlobalSection(SolutionProperties) = preSolution
		HideSolutionNode = FALSE
	EndGlobalSection
	GlobalSection(ExtensibilityGlobals) = postSolution
		SolutionGuid = {32D89ED0-BEC3-4EA4-92BD-56BFA2E6AE6D}
	EndGlobalSection
EndGlobal
