
Microsoft Visual Studio Solution File, Format Version 12.00
# Visual Studio Version 16
VisualStudioVersion = 16.0.31729.503
MinimumVisualStudioVersion = 10.0.40219.1
Project("{FAE04EC0-301F-11D3-BF4B-00C04F79EFBC}") = "EscriturasArchivos", "EscriturasArchivos\EscriturasArchivos.csproj", "{7FAF99FD-A30A-4026-8D14-4210DCACD280}"
EndProject
Global
	GlobalSection(SolutionConfigurationPlatforms) = preSolution
		Debug|Any CPU = Debug|Any CPU
		Release|Any CPU = Release|Any CPU
	EndGlobalSection
	GlobalSection(ProjectConfigurationPlatforms) = postSolution
		{7FAF99FD-A30A-4026-8D14-4210DCACD280}.Debug|Any CPU.ActiveCfg = Debug|Any CPU
		{7FAF99FD-A30A-4026-8D14-4210DCACD280}.Debug|Any CPU.Build.0 = Debug|Any CPU
		{7FAF99FD-A30A-4026-8D14-4210DCACD280}.Release|Any CPU.ActiveCfg = Release|Any CPU
		{7FAF99FD-A30A-4026-8D14-4210DCACD280}.Release|Any CPU.Build.0 = Release|Any CPU
	EndGlobalSection
	GlobalSection(SolutionProperties) = preSolution
		HideSolutionNode = FALSE
	EndGlobalSection
	GlobalSection(ExtensibilityGlobals) = postSolution
		SolutionGuid = {47F3F133-FAEB-468D-86D9-243CA3CD7941}
	EndGlobalSection
EndGlobal
